
Microsoft Visual Studio Solution File, Format Version 12.00
# Visual Studio Version 17
VisualStudioVersion = 17.9.34723.18
MinimumVisualStudioVersion = 10.0.40219.1
Project("{9A19103F-16F7-4668-BE54-9A1E7A4F7556}") = "Avalon", "Avalon\Avalon.csproj", "{525ADBD1-4415-4D89-9674-78A2039ABEB6}"
EndProject
Project("{9A19103F-16F7-4668-BE54-9A1E7A4F7556}") = "Avalon.Desktop", "Avalon.Desktop\Avalon.Desktop.csproj", "{A4ED83DC-974E-4759-B04F-B0E07ED71F3A}"
EndProject
Global
	GlobalSection(SolutionConfigurationPlatforms) = preSolution
		Debug|Any CPU = Debug|Any CPU
		Release|Any CPU = Release|Any CPU
	EndGlobalSection
	GlobalSection(ProjectConfigurationPlatforms) = postSolution
		{525ADBD1-4415-4D89-9674-78A2039ABEB6}.Debug|Any CPU.ActiveCfg = Debug|Any CPU
		{525ADBD1-4415-4D89-9674-78A2039ABEB6}.Debug|Any CPU.Build.0 = Debug|Any CPU
		{525ADBD1-4415-4D89-9674-78A2039ABEB6}.Release|Any CPU.ActiveCfg = Release|Any CPU
		{525ADBD1-4415-4D89-9674-78A2039ABEB6}.Release|Any CPU.Build.0 = Release|Any CPU
		{A4ED83DC-974E-4759-B04F-B0E07ED71F3A}.Debug|Any CPU.ActiveCfg = Debug|Any CPU
		{A4ED83DC-974E-4759-B04F-B0E07ED71F3A}.Debug|Any CPU.Build.0 = Debug|Any CPU
		{A4ED83DC-974E-4759-B04F-B0E07ED71F3A}.Release|Any CPU.ActiveCfg = Release|Any CPU
		{A4ED83DC-974E-4759-B04F-B0E07ED71F3A}.Release|Any CPU.Build.0 = Release|Any CPU
	EndGlobalSection
	GlobalSection(SolutionProperties) = preSolution
		HideSolutionNode = FALSE
	EndGlobalSection
	GlobalSection(ExtensibilityGlobals) = postSolution
		SolutionGuid = {224A654A-5489-4E1B-873A-A67A896AA8D1}
	EndGlobalSection
EndGlobal
